
Microsoft Visual Studio Solution File, Format Version 12.00
# Visual Studio Version 16
VisualStudioVersion = 16.0.30330.147
MinimumVisualStudioVersion = 10.0.40219.1
Project("{8BC9CEB8-8B4A-11D0-8D11-00A0C91BC942}") = "tam ngan 2", "tam ngan 2\tam ngan 2.vcxproj", "{BD8926F4-DC57-49E3-8A47-AA776E5E8A15}"
EndProject
Global
	GlobalSection(SolutionConfigurationPlatforms) = preSolution
		Debug|x64 = Debug|x64
		Debug|x86 = Debug|x86
		Release|x64 = Release|x64
		Release|x86 = Release|x86
	EndGlobalSection
	GlobalSection(ProjectConfigurationPlatforms) = postSolution
		{BD8926F4-DC57-49E3-8A47-AA776E5E8A15}.Debug|x64.ActiveCfg = Debug|x64
		{BD8926F4-DC57-49E3-8A47-AA776E5E8A15}.Debug|x64.Build.0 = Debug|x64
		{BD8926F4-DC57-49E3-8A47-AA776E5E8A15}.Debug|x86.ActiveCfg = Debug|Win32
		{BD8926F4-DC57-49E3-8A47-AA776E5E8A15}.Debug|x86.Build.0 = Debug|Win32
		{BD8926F4-DC57-49E3-8A47-AA776E5E8A15}.Release|x64.ActiveCfg = Release|x64
		{BD8926F4-DC57-49E3-8A47-AA776E5E8A15}.Release|x64.Build.0 = Release|x64
		{BD8926F4-DC57-49E3-8A47-AA776E5E8A15}.Release|x86.ActiveCfg = Release|Win32
		{BD8926F4-DC57-49E3-8A47-AA776E5E8A15}.Release|x86.Build.0 = Release|Win32
	EndGlobalSection
	GlobalSection(SolutionProperties) = preSolution
		HideSolutionNode = FALSE
	EndGlobalSection
	GlobalSection(ExtensibilityGlobals) = postSolution
		SolutionGuid = {DE90F9F8-DB8D-4588-97DA-B8823E0A8D54}
	EndGlobalSection
EndGlobal
